
Microsoft Visual Studio Solution File, Format Version 12.00
# Visual Studio Version 17
VisualStudioVersion = 17.9.34902.65
MinimumVisualStudioVersion = 10.0.40219.1
Project("{9A19103F-16F7-4668-BE54-9A1E7A4F7556}") = "BlazorApp", "BlazorApp\BlazorApp\BlazorApp.csproj", "{7FAFF4CD-CC1C-4F4A-BECA-D7D350718BC9}"
EndProject
Project("{9A19103F-16F7-4668-BE54-9A1E7A4F7556}") = "BlazorApp.Client", "BlazorApp\BlazorApp.Client\BlazorApp.Client.csproj", "{5B576AC6-5148-45BD-BE38-AB589F9C0359}"
EndProject
Project("{9A19103F-16F7-4668-BE54-9A1E7A4F7556}") = "Application", "Application\Application.csproj", "{5F24432D-4D73-43DA-B653-284F95FCA79A}"
EndProject
Project("{9A19103F-16F7-4668-BE54-9A1E7A4F7556}") = "Data", "Data\Data.csproj", "{AA29C595-E28A-4976-84F2-34B80E8C125D}"
EndProject
Project("{FAE04EC0-301F-11D3-BF4B-00C04F79EFBC}") = "Core", "Core\Core.csproj", "{1A461DF0-D1F3-4EB5-9F00-0FCFD4FE834E}"
EndProject
Global
	GlobalSection(SolutionConfigurationPlatforms) = preSolution
		Debug|Any CPU = Debug|Any CPU
		Release|Any CPU = Release|Any CPU
	EndGlobalSection
	GlobalSection(ProjectConfigurationPlatforms) = postSolution
		{7FAFF4CD-CC1C-4F4A-BECA-D7D350718BC9}.Debug|Any CPU.ActiveCfg = Debug|Any CPU
		{7FAFF4CD-CC1C-4F4A-BECA-D7D350718BC9}.Debug|Any CPU.Build.0 = Debug|Any CPU
		{7FAFF4CD-CC1C-4F4A-BECA-D7D350718BC9}.Release|Any CPU.ActiveCfg = Release|Any CPU
		{7FAFF4CD-CC1C-4F4A-BECA-D7D350718BC9}.Release|Any CPU.Build.0 = Release|Any CPU
		{5B576AC6-5148-45BD-BE38-AB589F9C0359}.Debug|Any CPU.ActiveCfg = Debug|Any CPU
		{5B576AC6-5148-45BD-BE38-AB589F9C0359}.Debug|Any CPU.Build.0 = Debug|Any CPU
		{5B576AC6-5148-45BD-BE38-AB589F9C0359}.Release|Any CPU.ActiveCfg = Release|Any CPU
		{5B576AC6-5148-45BD-BE38-AB589F9C0359}.Release|Any CPU.Build.0 = Release|Any CPU
		{5F24432D-4D73-43DA-B653-284F95FCA79A}.Debug|Any CPU.ActiveCfg = Debug|Any CPU
		{5F24432D-4D73-43DA-B653-284F95FCA79A}.Debug|Any CPU.Build.0 = Debug|Any CPU
		{5F24432D-4D73-43DA-B653-284F95FCA79A}.Release|Any CPU.ActiveCfg = Release|Any CPU
		{5F24432D-4D73-43DA-B653-284F95FCA79A}.Release|Any CPU.Build.0 = Release|Any CPU
		{AA29C595-E28A-4976-84F2-34B80E8C125D}.Debug|Any CPU.ActiveCfg = Debug|Any CPU
		{AA29C595-E28A-4976-84F2-34B80E8C125D}.Debug|Any CPU.Build.0 = Debug|Any CPU
		{AA29C595-E28A-4976-84F2-34B80E8C125D}.Release|Any CPU.ActiveCfg = Release|Any CPU
		{AA29C595-E28A-4976-84F2-34B80E8C125D}.Release|Any CPU.Build.0 = Release|Any CPU
		{1A461DF0-D1F3-4EB5-9F00-0FCFD4FE834E}.Debug|Any CPU.ActiveCfg = Debug|Any CPU
		{1A461DF0-D1F3-4EB5-9F00-0FCFD4FE834E}.Debug|Any CPU.Build.0 = Debug|Any CPU
		{1A461DF0-D1F3-4EB5-9F00-0FCFD4FE834E}.Release|Any CPU.ActiveCfg = Release|Any CPU
		{1A461DF0-D1F3-4EB5-9F00-0FCFD4FE834E}.Release|Any CPU.Build.0 = Release|Any CPU
	EndGlobalSection
	GlobalSection(SolutionProperties) = preSolution
		HideSolutionNode = FALSE
	EndGlobalSection
	GlobalSection(ExtensibilityGlobals) = postSolution
		SolutionGuid = {AA039EC7-77ED-49D1-8AD6-4BCB4627FE49}
	EndGlobalSection
EndGlobal
